{
  "nodes": {
    "root": {
      "inputs": {
        "this": "this"
      }
    },
    "this": {
      "locked": {
        "lastModified": 1701253981,
        "narHash": "sha256-ztaDIyZ7HrTAfEEUt9AtTDNoCYxUdSd6NrRHaYOIxtk=",
        "path": "/nix/store/cjvwy2rr87ir1nb6wvs9n6lvbnzlqrdg-source",
        "rev": "e92039b55bcd58469325ded85d4f58dd5a4eaf58",
        "type": "path"
      },
      "original": {
        "id": "this",
        "type": "indirect"
      }
    }
  },
  "root": "root",
  "version": 7
}
